
Microsoft Visual Studio Solution File, Format Version 12.00
# Visual Studio Version 16
VisualStudioVersion = 16.0.31515.178
MinimumVisualStudioVersion = 10.0.40219.1
Project("{2150E333-8FDC-42A3-9474-1A3956D46DE8}") = "DataAccess", "DataAccess", "{B289BF44-EDEB-49D1-910B-8F48854243BF}"
EndProject
Project("{2150E333-8FDC-42A3-9474-1A3956D46DE8}") = "Service", "Service", "{87C15229-4DBF-4368-BF76-CD32EF11F93B}"
EndProject
Project("{2150E333-8FDC-42A3-9474-1A3956D46DE8}") = "UI", "UI", "{4DBD6115-4076-4A0C-9EB0-6493738F4EAB}"
EndProject
Project("{FAE04EC0-301F-11D3-BF4B-00C04F79EFBC}") = "AracIhaleSistemi.DataAccess", "AracIhaleSistemi.DataAccess\AracIhaleSistemi.DataAccess.csproj", "{BADCCF1D-35D7-4E7C-B1C2-FB88CABB54D3}"
EndProject
Project("{FAE04EC0-301F-11D3-BF4B-00C04F79EFBC}") = "AracIhaleSistemi.Service", "AracIhaleSistemi.Service\AracIhaleSistemi.Service.csproj", "{FE9CCA61-7AD4-49CA-9680-5972CEE0B1EF}"
EndProject
Project("{FAE04EC0-301F-11D3-BF4B-00C04F79EFBC}") = "AracIhaleSistemi.UI", "AracIhaleSistemi.UI\AracIhaleSistemi.UI.csproj", "{751AC05E-1E2F-4D05-BB3E-596286F7135F}"
EndProject
Global
	GlobalSection(SolutionConfigurationPlatforms) = preSolution
		Debug|Any CPU = Debug|Any CPU
		Release|Any CPU = Release|Any CPU
	EndGlobalSection
	GlobalSection(ProjectConfigurationPlatforms) = postSolution
		{BADCCF1D-35D7-4E7C-B1C2-FB88CABB54D3}.Debug|Any CPU.ActiveCfg = Debug|Any CPU
		{BADCCF1D-35D7-4E7C-B1C2-FB88CABB54D3}.Debug|Any CPU.Build.0 = Debug|Any CPU
		{BADCCF1D-35D7-4E7C-B1C2-FB88CABB54D3}.Release|Any CPU.ActiveCfg = Release|Any CPU
		{BADCCF1D-35D7-4E7C-B1C2-FB88CABB54D3}.Release|Any CPU.Build.0 = Release|Any CPU
		{FE9CCA61-7AD4-49CA-9680-5972CEE0B1EF}.Debug|Any CPU.ActiveCfg = Debug|Any CPU
		{FE9CCA61-7AD4-49CA-9680-5972CEE0B1EF}.Debug|Any CPU.Build.0 = Debug|Any CPU
		{FE9CCA61-7AD4-49CA-9680-5972CEE0B1EF}.Release|Any CPU.ActiveCfg = Release|Any CPU
		{FE9CCA61-7AD4-49CA-9680-5972CEE0B1EF}.Release|Any CPU.Build.0 = Release|Any CPU
		{751AC05E-1E2F-4D05-BB3E-596286F7135F}.Debug|Any CPU.ActiveCfg = Debug|Any CPU
		{751AC05E-1E2F-4D05-BB3E-596286F7135F}.Debug|Any CPU.Build.0 = Debug|Any CPU
		{751AC05E-1E2F-4D05-BB3E-596286F7135F}.Release|Any CPU.ActiveCfg = Release|Any CPU
		{751AC05E-1E2F-4D05-BB3E-596286F7135F}.Release|Any CPU.Build.0 = Release|Any CPU
	EndGlobalSection
	GlobalSection(SolutionProperties) = preSolution
		HideSolutionNode = FALSE
	EndGlobalSection
	GlobalSection(NestedProjects) = preSolution
		{BADCCF1D-35D7-4E7C-B1C2-FB88CABB54D3} = {B289BF44-EDEB-49D1-910B-8F48854243BF}
		{FE9CCA61-7AD4-49CA-9680-5972CEE0B1EF} = {87C15229-4DBF-4368-BF76-CD32EF11F93B}
		{751AC05E-1E2F-4D05-BB3E-596286F7135F} = {4DBD6115-4076-4A0C-9EB0-6493738F4EAB}
	EndGlobalSection
	GlobalSection(ExtensibilityGlobals) = postSolution
		SolutionGuid = {5E58CE8C-7F45-4B74-AAF0-92EC743F9583}
	EndGlobalSection
EndGlobal
